
Microsoft Visual Studio Solution File, Format Version 12.00
# Visual Studio Version 17
VisualStudioVersion = 17.9.34902.65
MinimumVisualStudioVersion = 10.0.40219.1
Project("{FAE04EC0-301F-11D3-BF4B-00C04F79EFBC}") = "NewsModule", "NewsModule.csproj", "{9AA727F3-41B2-4DF2-8316-49D61E2E5F90}"
EndProject
Global
	GlobalSection(SolutionConfigurationPlatforms) = preSolution
		Debug|Any CPU = Debug|Any CPU
		Release|Any CPU = Release|Any CPU
	EndGlobalSection
	GlobalSection(ProjectConfigurationPlatforms) = postSolution
		{9AA727F3-41B2-4DF2-8316-49D61E2E5F90}.Debug|Any CPU.ActiveCfg = Debug|Any CPU
		{9AA727F3-41B2-4DF2-8316-49D61E2E5F90}.Debug|Any CPU.Build.0 = Debug|Any CPU
		{9AA727F3-41B2-4DF2-8316-49D61E2E5F90}.Release|Any CPU.ActiveCfg = Release|Any CPU
		{9AA727F3-41B2-4DF2-8316-49D61E2E5F90}.Release|Any CPU.Build.0 = Release|Any CPU
	EndGlobalSection
	GlobalSection(SolutionProperties) = preSolution
		HideSolutionNode = FALSE
	EndGlobalSection
	GlobalSection(ExtensibilityGlobals) = postSolution
		SolutionGuid = {C5068A15-FE4D-4A02-8E0B-8063D52BC943}
	EndGlobalSection
EndGlobal
